
Microsoft Visual Studio Solution File, Format Version 12.00
Project("{FAE04EC0-301F-11D3-BF4B-00C04F79EFBC}") = "Task 2", "Task 2\Task 2.csproj", "{2901AE83-3FDE-4670-B010-150D4708820C}"
EndProject
Project("{FAE04EC0-301F-11D3-BF4B-00C04F79EFBC}") = "Task 3", "Task 3\Task 3.csproj", "{88C3FFB5-F9F6-45FA-88D2-B2342B637B25}"
EndProject
Project("{FAE04EC0-301F-11D3-BF4B-00C04F79EFBC}") = "Task 4", "Task 4\Task 4.csproj", "{0CB12D4A-B643-4E01-8D68-FC304E0CD554}"
EndProject
Global
	GlobalSection(SolutionConfigurationPlatforms) = preSolution
		Debug|Any CPU = Debug|Any CPU
		Release|Any CPU = Release|Any CPU
	EndGlobalSection
	GlobalSection(ProjectConfigurationPlatforms) = postSolution
		{2901AE83-3FDE-4670-B010-150D4708820C}.Debug|Any CPU.ActiveCfg = Debug|Any CPU
		{2901AE83-3FDE-4670-B010-150D4708820C}.Debug|Any CPU.Build.0 = Debug|Any CPU
		{2901AE83-3FDE-4670-B010-150D4708820C}.Release|Any CPU.ActiveCfg = Release|Any CPU
		{2901AE83-3FDE-4670-B010-150D4708820C}.Release|Any CPU.Build.0 = Release|Any CPU
		{88C3FFB5-F9F6-45FA-88D2-B2342B637B25}.Debug|Any CPU.ActiveCfg = Debug|Any CPU
		{88C3FFB5-F9F6-45FA-88D2-B2342B637B25}.Debug|Any CPU.Build.0 = Debug|Any CPU
		{88C3FFB5-F9F6-45FA-88D2-B2342B637B25}.Release|Any CPU.ActiveCfg = Release|Any CPU
		{88C3FFB5-F9F6-45FA-88D2-B2342B637B25}.Release|Any CPU.Build.0 = Release|Any CPU
		{0CB12D4A-B643-4E01-8D68-FC304E0CD554}.Debug|Any CPU.ActiveCfg = Debug|Any CPU
		{0CB12D4A-B643-4E01-8D68-FC304E0CD554}.Debug|Any CPU.Build.0 = Debug|Any CPU
		{0CB12D4A-B643-4E01-8D68-FC304E0CD554}.Release|Any CPU.ActiveCfg = Release|Any CPU
		{0CB12D4A-B643-4E01-8D68-FC304E0CD554}.Release|Any CPU.Build.0 = Release|Any CPU
	EndGlobalSection
EndGlobal
